PODS:
  - Cosmos (23.0.0)
  - Floaty (4.2.0)
  - Kingfisher (7.2.0)
  - Pastel (0.6.0)
  - synth-ios (1.0.0)

DEPENDENCIES:
  - Cosmos (~> 23.0)
  - Floaty (~> 4.2.0)
  - Kingfisher (~> 7.0)
  - Pastel
  - synth-ios

SPEC REPOS:
  trunk:
    - Cosmos
    - Floaty
    - Kingfisher
    - Pastel
    - synth-ios

SPEC CHECKSUMS:
  Cosmos: b5c6a9a637e28a061b54c8f8b1d8529d7d4db73f
  Floaty: e2bd5a0f6f7f70899e26ff2da31081c8bee8d1b0
  Kingfisher: 3ac0b75b155cabc0e544877d1a4deea29feece92
  Pastel: 814f081efbe2859c37e65ee44f396e6e5be88619
  synth-ios: b91d9176ecc7ff791d94df9aedafbf5a8c00f965

PODFILE CHECKSUM: 89992f35470c298575596bd1033e89fe8e684514

COCOAPODS: 1.11.3
